DEPENDENCIES
  database_sl (= 0.1.8)
  phusionpassenger (= 0.1.2)
  rubystack
    path: .
    metadata: true
  rvm_sl (= 0.1.9)

GRAPH
  database_sl (0.1.8)
  phusionpassenger (0.1.2)
  rubystack (0.1.7)
    database_sl (>= 0.0.0)
    phusionpassenger (>= 0.0.0)
    rvm_sl (>= 0.0.0)
  rvm_sl (0.1.9)
